github.com/Soreing/gent v0.1.1 h1:0NlRcfgCWZ7MBZP5g7EQHA3J+FJTmbVpz3YUeKcKmZs=
github.com/Soreing/gent v0.1.1/go.mod h1:LMVtfca83NmsNmcApmpNSghZNfqeHNxNo5BL/1FGnr8=
github.com/Soreing/retrier v1.3.0 h1:OEDMqPpUYgtXaR/HfOO//nqsZrGqMabPVY+4fKFQwnc=
github.com/Soreing/retrier v1.3.0/go.mod h1:iB1NiiYyw/ISb0de4crt5SiHT+foj3nXTalrfgnODuk=
github.com/davecgh/go-spew v1.1.1 h1:vj9j/u1bqnvCEfJOwUhtlOARqs3+rkHYY13jYWTU97c=
github.com/pmezard/go-difflib v1.0.0 h1:4DBwDE0NGyQoBHbLQYPwSUPoCMWR5BEzIk/f1lZbAQM=
github.com/stretchr/testify v1.8.4 h1:CcVxjf3Q8PM0mHUKJCdn+eZZtm5yQwehR5yeSVQQcUk=
gopkg.in/yaml.v3 v3.0.1 h1:fxVm/GzAzEWqLHuvctI91KS9hhNmmWOoWu0XTYJS7CA=
